
Microsoft Visual Studio Solution File, Format Version 10.00
# Visual C++ Express 2008
Project("{8BC9CEB8-8B4A-11D0-8D11-00A0C91BC942}") = "pract1_semV", "pract1_semV\pract1_semV.vcproj", "{2567D120-62D0-4BF8-9E16-B1722D992CE8}"
EndProject
Global
	GlobalSection(SolutionConfigurationPlatforms) = preSolution
		Debug|Win32 = Debug|Win32
		Release|Win32 = Release|Win32
	EndGlobalSection
	GlobalSection(ProjectConfigurationPlatforms) = postSolution
		{2567D120-62D0-4BF8-9E16-B1722D992CE8}.Debug|Win32.ActiveCfg = Debug|Win32
		{2567D120-62D0-4BF8-9E16-B1722D992CE8}.Debug|Win32.Build.0 = Debug|Win32
		{2567D120-62D0-4BF8-9E16-B1722D992CE8}.Release|Win32.ActiveCfg = Release|Win32
		{2567D120-62D0-4BF8-9E16-B1722D992CE8}.Release|Win32.Build.0 = Release|Win32
	EndGlobalSection
	GlobalSection(SolutionProperties) = preSolution
		HideSolutionNode = FALSE
	EndGlobalSection
EndGlobal
